
Microsoft Visual Studio Solution File, Format Version 12.00
# Visual Studio Version 17
VisualStudioVersion = 17.8.34330.188
MinimumVisualStudioVersion = 10.0.40219.1
Project("{FAE04EC0-301F-11D3-BF4B-00C04F79EFBC}") = "bc210400921", "bc210400921.csproj", "{940A803B-6CF4-4DBA-ABC2-3EDE552BB2F8}"
EndProject
Global
	GlobalSection(SolutionConfigurationPlatforms) = preSolution
		Debug|Any CPU = Debug|Any CPU
		Release|Any CPU = Release|Any CPU
	EndGlobalSection
	GlobalSection(ProjectConfigurationPlatforms) = postSolution
		{940A803B-6CF4-4DBA-ABC2-3EDE552BB2F8}.Debug|Any CPU.ActiveCfg = Debug|Any CPU
		{940A803B-6CF4-4DBA-ABC2-3EDE552BB2F8}.Debug|Any CPU.Build.0 = Debug|Any CPU
		{940A803B-6CF4-4DBA-ABC2-3EDE552BB2F8}.Release|Any CPU.ActiveCfg = Release|Any CPU
		{940A803B-6CF4-4DBA-ABC2-3EDE552BB2F8}.Release|Any CPU.Build.0 = Release|Any CPU
	EndGlobalSection
	GlobalSection(SolutionProperties) = preSolution
		HideSolutionNode = FALSE
	EndGlobalSection
	GlobalSection(ExtensibilityGlobals) = postSolution
		SolutionGuid = {CD8D304D-C6C9-4229-8C53-67BA80E2B598}
	EndGlobalSection
EndGlobal
